Microsoft Visual Studio Solution File, Format Version 11.00
# Visual Studio 2008

Project("{981FE96E-D23A-D8B9-554C-FEEA38CD334A}") = "sayhello", "Assembly-CSharp.csproj", "{9D0D249F-BCA5-D0FA-9A9D-FAF1D4A270F8}"
EndProject
Global
	GlobalSection(SolutionConfigurationPlatforms) = preSolution
		Debug|Any CPU = Debug|Any CPU
		Release|Any CPU = Release|Any CPU
	EndGlobalSection
	GlobalSection(ProjectConfigurationPlatforms) = postSolution
		{9D0D249F-BCA5-D0FA-9A9D-FAF1D4A270F8}.Debug|Any CPU.ActiveCfg = Debug|Any CPU
		{9D0D249F-BCA5-D0FA-9A9D-FAF1D4A270F8}.Debug|Any CPU.Build.0 = Debug|Any CPU
		{9D0D249F-BCA5-D0FA-9A9D-FAF1D4A270F8}.Release|Any CPU.ActiveCfg = Release|Any CPU
		{9D0D249F-BCA5-D0FA-9A9D-FAF1D4A270F8}.Release|Any CPU.Build.0 = Release|Any CPU
	EndGlobalSection
	GlobalSection(SolutionProperties) = preSolution
		HideSolutionNode = FALSE
	EndGlobalSection
	GlobalSection(MonoDevelopProperties) = preSolution
		StartupItem = Assembly-CSharp.csproj
	EndGlobalSection
EndGlobal
